
Microsoft Visual Studio Solution File, Format Version 12.00
# Visual Studio 15
VisualStudioVersion = 15.0.28307.329
MinimumVisualStudioVersion = 10.0.40219.1
Project("{FAE04EC0-301F-11D3-BF4B-00C04F79EFBC}") = "CH0106", "CH0106.csproj", "{A0D1E9F6-0781-49E3-9835-A5F6A7986FCA}"
EndProject
Global
	GlobalSection(SolutionConfigurationPlatforms) = preSolution
		Debug|Any CPU = Debug|Any CPU
		Release|Any CPU = Release|Any CPU
	EndGlobalSection
	GlobalSection(ProjectConfigurationPlatforms) = postSolution
		{A0D1E9F6-0781-49E3-9835-A5F6A7986FCA}.Debug|Any CPU.ActiveCfg = Debug|Any CPU
		{A0D1E9F6-0781-49E3-9835-A5F6A7986FCA}.Debug|Any CPU.Build.0 = Debug|Any CPU
		{A0D1E9F6-0781-49E3-9835-A5F6A7986FCA}.Release|Any CPU.ActiveCfg = Release|Any CPU
		{A0D1E9F6-0781-49E3-9835-A5F6A7986FCA}.Release|Any CPU.Build.0 = Release|Any CPU
	EndGlobalSection
	GlobalSection(SolutionProperties) = preSolution
		HideSolutionNode = FALSE
	EndGlobalSection
	GlobalSection(ExtensibilityGlobals) = postSolution
		SolutionGuid = {C9A109A7-129B-4C0A-8BB2-3D04337107B4}
	EndGlobalSection
EndGlobal
