
Microsoft Visual Studio Solution File, Format Version 12.00
# Visual Studio 15
VisualStudioVersion = 15.0.28307.329
MinimumVisualStudioVersion = 10.0.40219.1
Project("{FAE04EC0-301F-11D3-BF4B-00C04F79EFBC}") = "Lab_05_10", "Lab_05_10\Lab_05_10.csproj", "{416FED4B-D135-4436-9386-9009A1098235}"
EndProject
Global
	GlobalSection(SolutionConfigurationPlatforms) = preSolution
		Debug|Any CPU = Debug|Any CPU
		Release|Any CPU = Release|Any CPU
	EndGlobalSection
	GlobalSection(ProjectConfigurationPlatforms) = postSolution
		{416FED4B-D135-4436-9386-9009A1098235}.Debug|Any CPU.ActiveCfg = Debug|Any CPU
		{416FED4B-D135-4436-9386-9009A1098235}.Debug|Any CPU.Build.0 = Debug|Any CPU
		{416FED4B-D135-4436-9386-9009A1098235}.Release|Any CPU.ActiveCfg = Release|Any CPU
		{416FED4B-D135-4436-9386-9009A1098235}.Release|Any CPU.Build.0 = Release|Any CPU
	EndGlobalSection
	GlobalSection(SolutionProperties) = preSolution
		HideSolutionNode = FALSE
	EndGlobalSection
	GlobalSection(ExtensibilityGlobals) = postSolution
		SolutionGuid = {7693A51F-841A-4F25-BFBB-E00BD3EDD2A0}
	EndGlobalSection
EndGlobal
