
Microsoft Visual Studio Solution File, Format Version 12.00
# Visual Studio 15
VisualStudioVersion = 15.0.28307.329
MinimumVisualStudioVersion = 10.0.40219.1
Project("{FAE04EC0-301F-11D3-BF4B-00C04F79EFBC}") = "CH1003", "CH1003.csproj", "{21D32ABC-12EA-4758-8A31-860E5553C5F3}"
EndProject
Global
	GlobalSection(SolutionConfigurationPlatforms) = preSolution
		Debug|Any CPU = Debug|Any CPU
		Release|Any CPU = Release|Any CPU
	EndGlobalSection
	GlobalSection(ProjectConfigurationPlatforms) = postSolution
		{21D32ABC-12EA-4758-8A31-860E5553C5F3}.Debug|Any CPU.ActiveCfg = Debug|Any CPU
		{21D32ABC-12EA-4758-8A31-860E5553C5F3}.Debug|Any CPU.Build.0 = Debug|Any CPU
		{21D32ABC-12EA-4758-8A31-860E5553C5F3}.Release|Any CPU.ActiveCfg = Release|Any CPU
		{21D32ABC-12EA-4758-8A31-860E5553C5F3}.Release|Any CPU.Build.0 = Release|Any CPU
	EndGlobalSection
	GlobalSection(SolutionProperties) = preSolution
		HideSolutionNode = FALSE
	EndGlobalSection
	GlobalSection(ExtensibilityGlobals) = postSolution
		SolutionGuid = {02D1B08C-053E-4376-8CD3-945DF4305CBC}
	EndGlobalSection
EndGlobal
