
Microsoft Visual Studio Solution File, Format Version 12.00
# Visual Studio 15
VisualStudioVersion = 15.0.28307.329
MinimumVisualStudioVersion = 10.0.40219.1
Project("{FAE04EC0-301F-11D3-BF4B-00C04F79EFBC}") = "Lab_06_03", "Lab_06_03.csproj", "{780829AB-0008-4FF5-811C-2BF0A28E44AA}"
EndProject
Global
	GlobalSection(SolutionConfigurationPlatforms) = preSolution
		Debug|Any CPU = Debug|Any CPU
		Release|Any CPU = Release|Any CPU
	EndGlobalSection
	GlobalSection(ProjectConfigurationPlatforms) = postSolution
		{780829AB-0008-4FF5-811C-2BF0A28E44AA}.Debug|Any CPU.ActiveCfg = Debug|Any CPU
		{780829AB-0008-4FF5-811C-2BF0A28E44AA}.Debug|Any CPU.Build.0 = Debug|Any CPU
		{780829AB-0008-4FF5-811C-2BF0A28E44AA}.Release|Any CPU.ActiveCfg = Release|Any CPU
		{780829AB-0008-4FF5-811C-2BF0A28E44AA}.Release|Any CPU.Build.0 = Release|Any CPU
	EndGlobalSection
	GlobalSection(SolutionProperties) = preSolution
		HideSolutionNode = FALSE
	EndGlobalSection
	GlobalSection(ExtensibilityGlobals) = postSolution
		SolutionGuid = {B6544E89-2A32-4907-9F8E-F86F5C08847D}
	EndGlobalSection
EndGlobal
