
Microsoft Visual Studio Solution File, Format Version 12.00
# Visual Studio 15
VisualStudioVersion = 15.0.28307.329
MinimumVisualStudioVersion = 10.0.40219.1
Project("{FAE04EC0-301F-11D3-BF4B-00C04F79EFBC}") = "Lab_03_01", "Lab_03_01.csproj", "{BDD3861E-48AB-42A0-B232-64B73088489E}"
EndProject
Global
	GlobalSection(SolutionConfigurationPlatforms) = preSolution
		Debug|Any CPU = Debug|Any CPU
		Release|Any CPU = Release|Any CPU
	EndGlobalSection
	GlobalSection(ProjectConfigurationPlatforms) = postSolution
		{BDD3861E-48AB-42A0-B232-64B73088489E}.Debug|Any CPU.ActiveCfg = Debug|Any CPU
		{BDD3861E-48AB-42A0-B232-64B73088489E}.Debug|Any CPU.Build.0 = Debug|Any CPU
		{BDD3861E-48AB-42A0-B232-64B73088489E}.Release|Any CPU.ActiveCfg = Release|Any CPU
		{BDD3861E-48AB-42A0-B232-64B73088489E}.Release|Any CPU.Build.0 = Release|Any CPU
	EndGlobalSection
	GlobalSection(SolutionProperties) = preSolution
		HideSolutionNode = FALSE
	EndGlobalSection
	GlobalSection(ExtensibilityGlobals) = postSolution
		SolutionGuid = {C729CCF3-12C9-4BF3-95F2-32F0B48D83CA}
	EndGlobalSection
EndGlobal
