
Microsoft Visual Studio Solution File, Format Version 12.00
# Visual Studio 15
VisualStudioVersion = 15.0.28307.329
MinimumVisualStudioVersion = 10.0.40219.1
Project("{FAE04EC0-301F-11D3-BF4B-00C04F79EFBC}") = "CH0102", "CH0102.csproj", "{3850860E-7382-46C8-B9CC-A59899511F77}"
EndProject
Global
	GlobalSection(SolutionConfigurationPlatforms) = preSolution
		Debug|Any CPU = Debug|Any CPU
		Release|Any CPU = Release|Any CPU
	EndGlobalSection
	GlobalSection(ProjectConfigurationPlatforms) = postSolution
		{3850860E-7382-46C8-B9CC-A59899511F77}.Debug|Any CPU.ActiveCfg = Debug|Any CPU
		{3850860E-7382-46C8-B9CC-A59899511F77}.Debug|Any CPU.Build.0 = Debug|Any CPU
		{3850860E-7382-46C8-B9CC-A59899511F77}.Release|Any CPU.ActiveCfg = Release|Any CPU
		{3850860E-7382-46C8-B9CC-A59899511F77}.Release|Any CPU.Build.0 = Release|Any CPU
	EndGlobalSection
	GlobalSection(SolutionProperties) = preSolution
		HideSolutionNode = FALSE
	EndGlobalSection
	GlobalSection(ExtensibilityGlobals) = postSolution
		SolutionGuid = {0BA62A9D-F16D-4DBC-82D9-4FF800FA4F45}
	EndGlobalSection
EndGlobal
