
Microsoft Visual Studio Solution File, Format Version 12.00
# Visual Studio 15
VisualStudioVersion = 15.0.28307.329
MinimumVisualStudioVersion = 10.0.40219.1
Project("{FAE04EC0-301F-11D3-BF4B-00C04F79EFBC}") = "CH0105", "CH0105.csproj", "{9CD772A5-F5D3-4593-B14B-36366AA8DE01}"
EndProject
Global
	GlobalSection(SolutionConfigurationPlatforms) = preSolution
		Debug|Any CPU = Debug|Any CPU
		Release|Any CPU = Release|Any CPU
	EndGlobalSection
	GlobalSection(ProjectConfigurationPlatforms) = postSolution
		{9CD772A5-F5D3-4593-B14B-36366AA8DE01}.Debug|Any CPU.ActiveCfg = Debug|Any CPU
		{9CD772A5-F5D3-4593-B14B-36366AA8DE01}.Debug|Any CPU.Build.0 = Debug|Any CPU
		{9CD772A5-F5D3-4593-B14B-36366AA8DE01}.Release|Any CPU.ActiveCfg = Release|Any CPU
		{9CD772A5-F5D3-4593-B14B-36366AA8DE01}.Release|Any CPU.Build.0 = Release|Any CPU
	EndGlobalSection
	GlobalSection(SolutionProperties) = preSolution
		HideSolutionNode = FALSE
	EndGlobalSection
	GlobalSection(ExtensibilityGlobals) = postSolution
		SolutionGuid = {CEB03A11-1998-498F-A64D-73D1D8D7C57E}
	EndGlobalSection
EndGlobal
