
Microsoft Visual Studio Solution File, Format Version 12.00
# Visual Studio 15
VisualStudioVersion = 15.0.28307.329
MinimumVisualStudioVersion = 10.0.40219.1
Project("{FAE04EC0-301F-11D3-BF4B-00C04F79EFBC}") = "CH0103", "CH0103.csproj", "{0B28ED64-3A69-4142-89E8-D18E23D06531}"
EndProject
Global
	GlobalSection(SolutionConfigurationPlatforms) = preSolution
		Debug|Any CPU = Debug|Any CPU
		Release|Any CPU = Release|Any CPU
	EndGlobalSection
	GlobalSection(ProjectConfigurationPlatforms) = postSolution
		{0B28ED64-3A69-4142-89E8-D18E23D06531}.Debug|Any CPU.ActiveCfg = Debug|Any CPU
		{0B28ED64-3A69-4142-89E8-D18E23D06531}.Debug|Any CPU.Build.0 = Debug|Any CPU
		{0B28ED64-3A69-4142-89E8-D18E23D06531}.Release|Any CPU.ActiveCfg = Release|Any CPU
		{0B28ED64-3A69-4142-89E8-D18E23D06531}.Release|Any CPU.Build.0 = Release|Any CPU
	EndGlobalSection
	GlobalSection(SolutionProperties) = preSolution
		HideSolutionNode = FALSE
	EndGlobalSection
	GlobalSection(ExtensibilityGlobals) = postSolution
		SolutionGuid = {B1EE47FA-D3B9-4450-98B4-AF432089468A}
	EndGlobalSection
EndGlobal
