
Microsoft Visual Studio Solution File, Format Version 12.00
# Visual Studio 15
VisualStudioVersion = 15.0.28307.329
MinimumVisualStudioVersion = 10.0.40219.1
Project("{FAE04EC0-301F-11D3-BF4B-00C04F79EFBC}") = "CH0607", "CH0607.csproj", "{96A1C883-12FC-4A33-B2A3-69376A62D827}"
EndProject
Global
	GlobalSection(SolutionConfigurationPlatforms) = preSolution
		Debug|Any CPU = Debug|Any CPU
		Release|Any CPU = Release|Any CPU
	EndGlobalSection
	GlobalSection(ProjectConfigurationPlatforms) = postSolution
		{96A1C883-12FC-4A33-B2A3-69376A62D827}.Debug|Any CPU.ActiveCfg = Debug|Any CPU
		{96A1C883-12FC-4A33-B2A3-69376A62D827}.Debug|Any CPU.Build.0 = Debug|Any CPU
		{96A1C883-12FC-4A33-B2A3-69376A62D827}.Release|Any CPU.ActiveCfg = Release|Any CPU
		{96A1C883-12FC-4A33-B2A3-69376A62D827}.Release|Any CPU.Build.0 = Release|Any CPU
	EndGlobalSection
	GlobalSection(SolutionProperties) = preSolution
		HideSolutionNode = FALSE
	EndGlobalSection
	GlobalSection(ExtensibilityGlobals) = postSolution
		SolutionGuid = {BE8C0D7C-2971-4018-A550-4B53E88F385B}
	EndGlobalSection
EndGlobal
