
Microsoft Visual Studio Solution File, Format Version 12.00
# Visual Studio 15
VisualStudioVersion = 15.0.28307.329
MinimumVisualStudioVersion = 10.0.40219.1
Project("{FAE04EC0-301F-11D3-BF4B-00C04F79EFBC}") = "CH0908", "CH0908.csproj", "{C12636A1-6A09-480E-A9AD-7186C03BC721}"
EndProject
Global
	GlobalSection(SolutionConfigurationPlatforms) = preSolution
		Debug|Any CPU = Debug|Any CPU
		Release|Any CPU = Release|Any CPU
	EndGlobalSection
	GlobalSection(ProjectConfigurationPlatforms) = postSolution
		{C12636A1-6A09-480E-A9AD-7186C03BC721}.Debug|Any CPU.ActiveCfg = Debug|Any CPU
		{C12636A1-6A09-480E-A9AD-7186C03BC721}.Debug|Any CPU.Build.0 = Debug|Any CPU
		{C12636A1-6A09-480E-A9AD-7186C03BC721}.Release|Any CPU.ActiveCfg = Release|Any CPU
		{C12636A1-6A09-480E-A9AD-7186C03BC721}.Release|Any CPU.Build.0 = Release|Any CPU
	EndGlobalSection
	GlobalSection(SolutionProperties) = preSolution
		HideSolutionNode = FALSE
	EndGlobalSection
	GlobalSection(ExtensibilityGlobals) = postSolution
		SolutionGuid = {3924ED98-2EEF-428D-AA78-543C36789956}
	EndGlobalSection
EndGlobal
