
Microsoft Visual Studio Solution File, Format Version 12.00
# Visual Studio 15
VisualStudioVersion = 15.0.28307.329
MinimumVisualStudioVersion = 10.0.40219.1
Project("{FAE04EC0-301F-11D3-BF4B-00C04F79EFBC}") = "Lab_10_02", "Lab_10_02.csproj", "{57DE40C8-EC10-4578-B2A2-B5B75EF310EF}"
EndProject
Global
	GlobalSection(SolutionConfigurationPlatforms) = preSolution
		Debug|Any CPU = Debug|Any CPU
		Release|Any CPU = Release|Any CPU
	EndGlobalSection
	GlobalSection(ProjectConfigurationPlatforms) = postSolution
		{57DE40C8-EC10-4578-B2A2-B5B75EF310EF}.Debug|Any CPU.ActiveCfg = Debug|Any CPU
		{57DE40C8-EC10-4578-B2A2-B5B75EF310EF}.Debug|Any CPU.Build.0 = Debug|Any CPU
		{57DE40C8-EC10-4578-B2A2-B5B75EF310EF}.Release|Any CPU.ActiveCfg = Release|Any CPU
		{57DE40C8-EC10-4578-B2A2-B5B75EF310EF}.Release|Any CPU.Build.0 = Release|Any CPU
	EndGlobalSection
	GlobalSection(SolutionProperties) = preSolution
		HideSolutionNode = FALSE
	EndGlobalSection
	GlobalSection(ExtensibilityGlobals) = postSolution
		SolutionGuid = {AFBB8EA2-E44B-4421-97E4-E8A11625892A}
	EndGlobalSection
EndGlobal
