
Microsoft Visual Studio Solution File, Format Version 12.00
# Visual Studio 15
VisualStudioVersion = 15.0.28307.329
MinimumVisualStudioVersion = 10.0.40219.1
Project("{FAE04EC0-301F-11D3-BF4B-00C04F79EFBC}") = "CH0407", "CH0407.csproj", "{58911107-8DFA-4BCF-B732-B6CFFC77F03C}"
EndProject
Global
	GlobalSection(SolutionConfigurationPlatforms) = preSolution
		Debug|Any CPU = Debug|Any CPU
		Release|Any CPU = Release|Any CPU
	EndGlobalSection
	GlobalSection(ProjectConfigurationPlatforms) = postSolution
		{58911107-8DFA-4BCF-B732-B6CFFC77F03C}.Debug|Any CPU.ActiveCfg = Debug|Any CPU
		{58911107-8DFA-4BCF-B732-B6CFFC77F03C}.Debug|Any CPU.Build.0 = Debug|Any CPU
		{58911107-8DFA-4BCF-B732-B6CFFC77F03C}.Release|Any CPU.ActiveCfg = Release|Any CPU
		{58911107-8DFA-4BCF-B732-B6CFFC77F03C}.Release|Any CPU.Build.0 = Release|Any CPU
	EndGlobalSection
	GlobalSection(SolutionProperties) = preSolution
		HideSolutionNode = FALSE
	EndGlobalSection
	GlobalSection(ExtensibilityGlobals) = postSolution
		SolutionGuid = {F6151691-AB00-4049-A162-BFBD7D903B05}
	EndGlobalSection
EndGlobal
