
Microsoft Visual Studio Solution File, Format Version 12.00
# Visual Studio 15
VisualStudioVersion = 15.0.28307.329
MinimumVisualStudioVersion = 10.0.40219.1
Project("{FAE04EC0-301F-11D3-BF4B-00C04F79EFBC}") = "CH0505", "CH0505.csproj", "{60DC19FD-09FC-4BB8-A36E-D6189CDE42A0}"
EndProject
Global
	GlobalSection(SolutionConfigurationPlatforms) = preSolution
		Debug|Any CPU = Debug|Any CPU
		Release|Any CPU = Release|Any CPU
	EndGlobalSection
	GlobalSection(ProjectConfigurationPlatforms) = postSolution
		{60DC19FD-09FC-4BB8-A36E-D6189CDE42A0}.Debug|Any CPU.ActiveCfg = Debug|Any CPU
		{60DC19FD-09FC-4BB8-A36E-D6189CDE42A0}.Debug|Any CPU.Build.0 = Debug|Any CPU
		{60DC19FD-09FC-4BB8-A36E-D6189CDE42A0}.Release|Any CPU.ActiveCfg = Release|Any CPU
		{60DC19FD-09FC-4BB8-A36E-D6189CDE42A0}.Release|Any CPU.Build.0 = Release|Any CPU
	EndGlobalSection
	GlobalSection(SolutionProperties) = preSolution
		HideSolutionNode = FALSE
	EndGlobalSection
	GlobalSection(ExtensibilityGlobals) = postSolution
		SolutionGuid = {5A8D6109-656E-4E51-B32C-7350B74E9062}
	EndGlobalSection
EndGlobal
